
Microsoft Visual Studio Solution File, Format Version 12.00
# Visual Studio Version 16
VisualStudioVersion = 16.0.28917.181
MinimumVisualStudioVersion = 10.0.40219.1
Project("{FAE04EC0-301F-11D3-BF4B-00C04F79EFBC}") = "ASCON_TestApp", "ASCON_TestApp.csproj", "{F7E9610A-2CB3-413D-9AEA-FFBEF8C99227}"
EndProject
Global
	GlobalSection(SolutionConfigurationPlatforms) = preSolution
		Debug|Any CPU = Debug|Any CPU
		Release|Any CPU = Release|Any CPU
	EndGlobalSection
	GlobalSection(ProjectConfigurationPlatforms) = postSolution
		{F7E9610A-2CB3-413D-9AEA-FFBEF8C99227}.Debug|Any CPU.ActiveCfg = Debug|Any CPU
		{F7E9610A-2CB3-413D-9AEA-FFBEF8C99227}.Debug|Any CPU.Build.0 = Debug|Any CPU
		{F7E9610A-2CB3-413D-9AEA-FFBEF8C99227}.Release|Any CPU.ActiveCfg = Release|Any CPU
		{F7E9610A-2CB3-413D-9AEA-FFBEF8C99227}.Release|Any CPU.Build.0 = Release|Any CPU
	EndGlobalSection
	GlobalSection(SolutionProperties) = preSolution
		HideSolutionNode = FALSE
	EndGlobalSection
	GlobalSection(ExtensibilityGlobals) = postSolution
		SolutionGuid = {0619D098-12D4-4118-8DC4-2E15F278D468}
	EndGlobalSection
EndGlobal
